
Microsoft Visual Studio Solution File, Format Version 12.00
# Visual Studio Version 16
VisualStudioVersion = 16.0.28803.352
MinimumVisualStudioVersion = 10.0.40219.1
Project("{FAE04EC0-301F-11D3-BF4B-00C04F79EFBC}") = "Vue.Net.Example.EPi", "Vue.Net.Example.EPi\Vue.Net.Example.EPi.csproj", "{09D6BDEB-2610-43C4-91F6-3977CF09520F}"
EndProject
Project("{9A19103F-16F7-4668-BE54-9A1E7A4F7556}") = "Vue.Net.Example.Core", "Vue.Net.Example.Core\Vue.Net.Example.Core.csproj", "{1AD9A8C1-8CA1-453F-8F56-8F7A409E6286}"
EndProject
Project("{9A19103F-16F7-4668-BE54-9A1E7A4F7556}") = "Vue.Net.WebComponents", "Vue.Net.WebComponents\Vue.Net.WebComponents.csproj", "{D059E7BD-AB8F-4754-B8DE-8DAAB4DD02C1}"
EndProject
Global
	GlobalSection(SolutionConfigurationPlatforms) = preSolution
		Debug|Any CPU = Debug|Any CPU
		Release|Any CPU = Release|Any CPU
	EndGlobalSection
	GlobalSection(ProjectConfigurationPlatforms) = postSolution
		{09D6BDEB-2610-43C4-91F6-3977CF09520F}.Debug|Any CPU.ActiveCfg = Debug|Any CPU
		{09D6BDEB-2610-43C4-91F6-3977CF09520F}.Debug|Any CPU.Build.0 = Debug|Any CPU
		{09D6BDEB-2610-43C4-91F6-3977CF09520F}.Release|Any CPU.ActiveCfg = Release|Any CPU
		{09D6BDEB-2610-43C4-91F6-3977CF09520F}.Release|Any CPU.Build.0 = Release|Any CPU
		{1AD9A8C1-8CA1-453F-8F56-8F7A409E6286}.Debug|Any CPU.ActiveCfg = Debug|Any CPU
		{1AD9A8C1-8CA1-453F-8F56-8F7A409E6286}.Debug|Any CPU.Build.0 = Debug|Any CPU
		{1AD9A8C1-8CA1-453F-8F56-8F7A409E6286}.Release|Any CPU.ActiveCfg = Release|Any CPU
		{1AD9A8C1-8CA1-453F-8F56-8F7A409E6286}.Release|Any CPU.Build.0 = Release|Any CPU
		{D059E7BD-AB8F-4754-B8DE-8DAAB4DD02C1}.Debug|Any CPU.ActiveCfg = Debug|Any CPU
		{D059E7BD-AB8F-4754-B8DE-8DAAB4DD02C1}.Debug|Any CPU.Build.0 = Debug|Any CPU
		{D059E7BD-AB8F-4754-B8DE-8DAAB4DD02C1}.Release|Any CPU.ActiveCfg = Release|Any CPU
		{D059E7BD-AB8F-4754-B8DE-8DAAB4DD02C1}.Release|Any CPU.Build.0 = Release|Any CPU
	EndGlobalSection
	GlobalSection(SolutionProperties) = preSolution
		HideSolutionNode = FALSE
	EndGlobalSection
	GlobalSection(ExtensibilityGlobals) = postSolution
		SolutionGuid = {80516200-45FB-41F4-9D35-5749BCD85A73}
	EndGlobalSection
EndGlobal
